{
  "name": "stats.js",
  "version": "0.17.0",
  "lockfileVersion": 1,
  "requires": true,
  "dependencies": {
    "rollup": {
      "version": "0.36.4",
      "resolved": "http://artifactory.intra.xiaojukeji.com:80/artifactory/api/npm/npm/rollup/-/rollup-0.36.4.tgz",
      "integrity": "sha1-oiRJTFOGwdc9OPe7hvafXrARo9I=",
      "dev": true,
      "requires": {
        "source-map-support": "^0.4.0"
      }
    },
    "source-map": {
      "version": "0.5.7",
      "resolved": "http://artifactory.intra.xiaojukeji.com:80/artifactory/api/npm/npm/source-map/-/source-map-0.5.7.tgz",
      "integrity": "sha1-igOdLRAh0i0eoUyA2OpGi6LvP8w=",
      "dev": true
    },
    "source-map-support": {
      "version": "0.4.18",
      "resolved": "http://artifactory.intra.xiaojukeji.com:80/artifactory/api/npm/npm/source-map-support/-/source-map-support-0.4.18.tgz",
      "integrity": "sha1-Aoam3ovkJkEzhZTpfM6nXwosWF8=",
      "dev": true,
      "requires": {
        "source-map": "^0.5.6"
      }
    },
    "uglifyjs": {
      "version": "2.4.11",
      "resolved": "http://artifactory.intra.xiaojukeji.com:80/artifactory/api/npm/npm/uglifyjs/-/uglifyjs-2.4.11.tgz",
      "integrity": "sha1-NEDWTgRXWViVJEGOtkHGi7kNET4=",
      "dev": true
    }
  }
}
